
Microsoft Visual Studio Solution File, Format Version 12.00
# Visual Studio Version 17
VisualStudioVersion = 17.5.002.0
MinimumVisualStudioVersion = 10.0.40219.1
Project("{9A19103F-16F7-4668-BE54-9A1E7A4F7556}") = "ProblemOftheDay", "ProblemOftheDay.csproj", "{A7DBDB35-8D70-4985-BB2E-C62171D46CB2}"
EndProject
Global
	GlobalSection(SolutionConfigurationPlatforms) = preSolution
		Debug|Any CPU = Debug|Any CPU
		Release|Any CPU = Release|Any CPU
	EndGlobalSection
	GlobalSection(ProjectConfigurationPlatforms) = postSolution
		{A7DBDB35-8D70-4985-BB2E-C62171D46CB2}.Debug|Any CPU.ActiveCfg = Debug|Any CPU
		{A7DBDB35-8D70-4985-BB2E-C62171D46CB2}.Debug|Any CPU.Build.0 = Debug|Any CPU
		{A7DBDB35-8D70-4985-BB2E-C62171D46CB2}.Release|Any CPU.ActiveCfg = Release|Any CPU
		{A7DBDB35-8D70-4985-BB2E-C62171D46CB2}.Release|Any CPU.Build.0 = Release|Any CPU
	EndGlobalSection
	GlobalSection(SolutionProperties) = preSolution
		HideSolutionNode = FALSE
	EndGlobalSection
	GlobalSection(ExtensibilityGlobals) = postSolution
		SolutionGuid = {04809B2F-C23A-492E-A17F-DFD6C239578D}
	EndGlobalSection
EndGlobal
